# THIS IS AN AUTOGENERATED FILE. DO NOT EDIT THIS FILE DIRECTLY.
# yarn lockfile v1


"@faker-js/faker@^7.6.0":
  version "7.6.0"
  resolved "https://registry.yarnpkg.com/@faker-js/faker/-/faker-7.6.0.tgz#9ea331766084288634a9247fcd8b84f16ff4ba07"
  integrity sha512-XK6BTq1NDMo9Xqw/YkYyGjSsg44fbNwYRx7QK2CuoQgyy+f1rrTDHoExVM5PsyXCtfl2vs2vVJ0MN0yN6LppRw==

"@playwright/test@^1.32.1":
  version "1.32.1"
  resolved "https://registry.yarnpkg.com/@playwright/test/-/test-1.32.1.tgz#749c9791adb048c266277a39ba0f7e33fe593ffe"
  integrity sha512-FTwjCuhlm1qHUGf4hWjfr64UMJD/z0hXYbk+O387Ioe6WdyZQ+0TBDAc6P+pHjx2xCv1VYNgrKbYrNixFWy4Dg==
  dependencies:
    "@types/node" "*"
    playwright-core "1.32.1"
  optionalDependencies:
    fsevents "2.3.2"

"@shelex/allure-js-commons-browser@1.4.1":
  version "1.4.1"
  resolved "https://registry.yarnpkg.com/@shelex/allure-js-commons-browser/-/allure-js-commons-browser-1.4.1.tgz#a2d4b785eec75c490df79233e36b070e6b660ad4"
  integrity sha512-8cImusrmhPU4Ic9IT2416sg6dnxKgjE3ftCdnebU5WlLsEhEQ7Iz1i80jJeIyJAz3mDO5eXFkNmFFS7rll6VFA==
  dependencies:
    uuid "9.0.0"

"@shelex/cypress-allure-plugin@^2.37.0":
  version "2.37.0"
  resolved "https://registry.yarnpkg.com/@shelex/cypress-allure-plugin/-/cypress-allure-plugin-2.37.0.tgz#b362ec2a946e3f410411a33ba18acc031e6954a0"
  integrity sha512-ohy/qbW5RBqdPxg0VED78XkhDCZ+ATxqa+I+iCeMEKkBC21mM0Jy9AHu9CbTat4RoB3U7gprs+qBmEWPZTO6cw==
  dependencies:
    "@shelex/allure-js-commons-browser" "1.4.1"
    crypto-js "4.1.1"
    debug "4.3.4"
    object-inspect "1.12.3"
    path-browserify "1.0.1"
    uuid "9.0.0"

"@types/node@*":
  version "18.15.10"
  resolved "https://registry.yarnpkg.com/@types/node/-/node-18.15.10.tgz#4ee2171c3306a185d1208dad5f44dae3dee4cfe3"
  integrity sha512-9avDaQJczATcXgfmMAW3MIWArOO7A+m90vuCFLr8AotWf8igO/mRoYukrk2cqZVtv38tHs33retzHEilM7FpeQ==

crypto-js@4.1.1:
  version "4.1.1"
  resolved "https://registry.yarnpkg.com/crypto-js/-/crypto-js-4.1.1.tgz#9e485bcf03521041bd85844786b83fb7619736cf"
  integrity sha512-o2JlM7ydqd3Qk9CA0L4NL6mTzU2sdx96a+oOfPu8Mkl/PK51vSyoi8/rQ8NknZtk44vq15lmhAj9CIAGwgeWKw==

debug@4.3.4:
  version "4.3.4"
  resolved "https://registry.yarnpkg.com/debug/-/debug-4.3.4.tgz#1319f6579357f2338d3337d2cdd4914bb5dcc865"
  integrity sha512-PRWFHuSU3eDtQJPvnNY7Jcket1j0t5OuOsFzPPzsekD52Zl8qUfFIPEiswXqIvHWGVHOgX+7G/vCNNhehwxfkQ==
  dependencies:
    ms "2.1.2"

fsevents@2.3.2:
  version "2.3.2"
  resolved "https://registry.yarnpkg.com/fsevents/-/fsevents-2.3.2.tgz#8a526f78b8fdf4623b709e0b975c52c24c02fd1a"
  integrity sha512-xiqMQR4xAeHTuB9uWm+fFRcIOgKBMiOBP+eXiyT7jsgVCq1bkVygt00oASowB7EdtpOHaaPgKt812P9ab+DDKA==

ms@2.1.2:
  version "2.1.2"
  resolved "https://registry.yarnpkg.com/ms/-/ms-2.1.2.tgz#d09d1f357b443f493382a8eb3ccd183872ae6009"
  integrity sha512-sGkPx+VjMtmA6MX27oA4FBFELFCZZ4S4XqeGOXCv68tT+jb3vk/RyaKWP0PTKyWtmLSM0b+adUTEvbs1PEaH2w==

object-inspect@1.12.3:
  version "1.12.3"
  resolved "https://registry.yarnpkg.com/object-inspect/-/object-inspect-1.12.3.tgz#ba62dffd67ee256c8c086dfae69e016cd1f198b9"
  integrity sha512-geUvdk7c+eizMNUDkRpW1wJwgfOiOeHbxBR/hLXK1aT6zmVSO0jsQcs7fj6MGw89jC/cjGfLcNOrtMYtGqm81g==

path-browserify@1.0.1:
  version "1.0.1"
  resolved "https://registry.yarnpkg.com/path-browserify/-/path-browserify-1.0.1.tgz#d98454a9c3753d5790860f16f68867b9e46be1fd"
  integrity sha512-b7uo2UCUOYZcnF/3ID0lulOJi/bafxa1xPe7ZPsammBSpjSWQkjNxlt635YGS2MiR9GjvuXCtz2emr3jbsz98g==

playwright-core@1.32.1:
  version "1.32.1"
  resolved "https://registry.yarnpkg.com/playwright-core/-/playwright-core-1.32.1.tgz#5a10c32403323b07d75ea428ebeed866a80b76a1"
  integrity sha512-KZYUQC10mXD2Am1rGlidaalNGYk3LU1vZqqNk0gT4XPty1jOqgup8KDP8l2CUlqoNKhXM5IfGjWgW37xvGllBA==

uuid@9.0.0:
  version "9.0.0"
  resolved "https://registry.yarnpkg.com/uuid/-/uuid-9.0.0.tgz#592f550650024a38ceb0c562f2f6aa435761efb5"
  integrity sha512-MXcSTerfPa4uqyzStbRoTgt5XIe3x5+42+q1sDuy3R5MDk66URdLMOZe5aPX/SQd+kuYAh0FdP/pO28IkQyTeg==
